// !$*UTF8*$!
{
	archiveVersion = 1;
	classes = {
	};
	objectVersion = 56;
	objects = {

/* Begin PBXBuildFile section */
		CAA033BB2C365CFF001A2E77 /* AppEnvironment.swift in Sources */ = {isa = PBXBuildFile; fileRef = CAA033BA2C365CFF001A2E77 /* AppEnvironment.swift */; };
		CAE26F292C350D73006FFA90 /* HelloCoffeeApp.swift in Sources */ = {isa = PBXBuildFile; fileRef = CAE26F282C350D73006FFA90 /* HelloCoffeeApp.swift */; };
		CAE26F2B2C350D73006FFA90 /* ContentView.swift in Sources */ = {isa = PBXBuildFile; fileRef = CAE26F2A2C350D73006FFA90 /* ContentView.swift */; };
		CAE26F2D2C350D74006FFA90 /* Assets.xcassets in Resources */ = {isa = PBXBuildFile; fileRef = CAE26F2C2C350D74006FFA90 /* Assets.xcassets */; };
		CAE26F302C350D74006FFA90 /* Preview Assets.xcassets in Resources */ = {isa = PBXBuildFile; fileRef = CAE26F2F2C350D74006FFA90 /* Preview Assets.xcassets */; };
		CAE26F392C350DCD006FFA90 /* Webservice.swift in Sources */ = {isa = PBXBuildFile; fileRef = CAE26F382C350DCD006FFA90 /* Webservice.swift */; };
		CAE26F3C2C350F10006FFA90 /* Order.swift in Sources */ = {isa = PBXBuildFile; fileRef = CAE26F3B2C350F10006FFA90 /* Order.swift */; };
		CAE26F3F2C351A30006FFA90 /* CoffeeViewModel.swift in Sources */ = {isa = PBXBuildFile; fileRef = CAE26F3E2C351A30006FFA90 /* CoffeeViewModel.swift */; };
		CAE26F422C3529DC006FFA90 /* NumberFormatter+Extension.swift in Sources */ = {isa = PBXBuildFile; fileRef = CAE26F412C3529DC006FFA90 /* NumberFormatter+Extension.swift */; };
		CAE26F442C35349F006FFA90 /* OrderCellView.swift in Sources */ = {isa = PBXBuildFile; fileRef = CAE26F432C35349F006FFA90 /* OrderCellView.swift */; };
/* End PBXBuildFile section */

/* Begin PBXFileReference section */
		CAA033BA2C365CFF001A2E77 /* AppEnvironment.swift */ = {isa = PBXFileReference; lastKnownFileType = sourcecode.swift; path = AppEnvironment.swift; sourceTree = "<group>"; };
		CAE26F252C350D73006FFA90 /* HelloCoffee.app */ = {isa = PBXFileReference; explicitFileType = wrapper.application; includeInIndex = 0; path = HelloCoffee.app; sourceTree = BUILT_PRODUCTS_DIR; };
		CAE26F282C350D73006FFA90 /* HelloCoffeeApp.swift */ = {isa = PBXFileReference; lastKnownFileType = sourcecode.swift; path = HelloCoffeeApp.swift; sourceTree = "<group>"; };
		CAE26F2A2C350D73006FFA90 /* ContentView.swift */ = {isa = PBXFileReference; lastKnownFileType = sourcecode.swift; path = ContentView.swift; sourceTree = "<group>"; };
		CAE26F2C2C350D74006FFA90 /* Assets.xcassets */ = {isa = PBXFileReference; lastKnownFileType = folder.assetcatalog; path = Assets.xcassets; sourceTree = "<group>"; };
		CAE26F2F2C350D74006FFA90 /* Preview Assets.xcassets */ = {isa = PBXFileReference; lastKnownFileType = folder.assetcatalog; path = "Preview Assets.xcassets"; sourceTree = "<group>"; };
		CAE26F382C350DCD006FFA90 /* Webservice.swift */ = {isa = PBXFileReference; lastKnownFileType = sourcecode.swift; path = Webservice.swift; sourceTree = "<group>"; };
		CAE26F3B2C350F10006FFA90 /* Order.swift */ = {isa = PBXFileReference; lastKnownFileType = sourcecode.swift; path = Order.swift; sourceTree = "<group>"; };
		CAE26F3E2C351A30006FFA90 /* CoffeeViewModel.swift */ = {isa = PBXFileReference; lastKnownFileType = sourcecode.swift; path = CoffeeViewModel.swift; sourceTree = "<group>"; };
		CAE26F412C3529DC006FFA90 /* NumberFormatter+Extension.swift */ = {isa = PBXFileReference; lastKnownFileType = sourcecode.swift; path = "NumberFormatter+Extension.swift"; sourceTree = "<group>"; };
		CAE26F432C35349F006FFA90 /* OrderCellView.swift */ = {isa = PBXFileReference; lastKnownFileType = sourcecode.swift; path = OrderCellView.swift; sourceTree = "<group>"; };
/* End PBXFileReference section */

/* Begin PBXFrameworksBuildPhase section */
		CAE26F222C350D73006FFA90 /* Frameworks */ = {
			isa = PBXFrameworksBuildPhase;
			buildActionMask = 2147483647;
			files = (
			);
			runOnlyForDeploymentPostprocessing = 0;
		};
/* End PBXFrameworksBuildPhase section */

/* Begin PBXGroup section */
		CAA033B92C365CDD001A2E77 /* Utlis */ = {
			isa = PBXGroup;
			children = (
				CAA033BA2C365CFF001A2E77 /* AppEnvironment.swift */,
			);
			path = Utlis;
			sourceTree = "<group>";
		};
		CAE26F1C2C350D73006FFA90 = {
			isa = PBXGroup;
			children = (
				CAE26F272C350D73006FFA90 /* HelloCoffee */,
				CAE26F262C350D73006FFA90 /* Products */,
			);
			sourceTree = "<group>";
		};
		CAE26F262C350D73006FFA90 /* Products */ = {
			isa = PBXGroup;
			children = (
				CAE26F252C350D73006FFA90 /* HelloCoffee.app */,
			);
			name = Products;
			sourceTree = "<group>";
		};
		CAE26F272C350D73006FFA90 /* HelloCoffee */ = {
			isa = PBXGroup;
			children = (
				CAE26F282C350D73006FFA90 /* HelloCoffeeApp.swift */,
				CAA033B92C365CDD001A2E77 /* Utlis */,
				CAE26F3D2C351785006FFA90 /* Views */,
				CAE26F3A2C350F03006FFA90 /* Models */,
				CAE26F372C350D98006FFA90 /* Services */,
				CAE26F362C350D91006FFA90 /* ViewModels */,
				CAE26F402C35298B006FFA90 /* Extension */,
				CAE26F2C2C350D74006FFA90 /* Assets.xcassets */,
				CAE26F2E2C350D74006FFA90 /* Preview Content */,
			);
			path = HelloCoffee;
			sourceTree = "<group>";
		};
		CAE26F2E2C350D74006FFA90 /* Preview Content */ = {
			isa = PBXGroup;
			children = (
				CAE26F2F2C350D74006FFA90 /* Preview Assets.xcassets */,
			);
			path = "Preview Content";
			sourceTree = "<group>";
		};
		CAE26F362C350D91006FFA90 /* ViewModels */ = {
			isa = PBXGroup;
			children = (
				CAE26F3E2C351A30006FFA90 /* CoffeeViewModel.swift */,
			);
			path = ViewModels;
			sourceTree = "<group>";
		};
		CAE26F372C350D98006FFA90 /* Services */ = {
			isa = PBXGroup;
			children = (
				CAE26F382C350DCD006FFA90 /* Webservice.swift */,
			);
			path = Services;
			sourceTree = "<group>";
		};
		CAE26F3A2C350F03006FFA90 /* Models */ = {
			isa = PBXGroup;
			children = (
				CAE26F3B2C350F10006FFA90 /* Order.swift */,
			);
			path = Models;
			sourceTree = "<group>";
		};
		CAE26F3D2C351785006FFA90 /* Views */ = {
			isa = PBXGroup;
			children = (
				CAE26F2A2C350D73006FFA90 /* ContentView.swift */,
				CAE26F432C35349F006FFA90 /* OrderCellView.swift */,
			);
			path = Views;
			sourceTree = "<group>";
		};
		CAE26F402C35298B006FFA90 /* Extension */ = {
			isa = PBXGroup;
			children = (
				CAE26F412C3529DC006FFA90 /* NumberFormatter+Extension.swift */,
			);
			path = Extension;
			sourceTree = "<group>";
		};
/* End PBXGroup section */

/* Begin PBXNativeTarget section */
		CAE26F242C350D73006FFA90 /* HelloCoffee */ = {
			isa = PBXNativeTarget;
			buildConfigurationList = CAE26F332C350D74006FFA90 /* Build configuration list for PBXNativeTarget "HelloCoffee" */;
			buildPhases = (
				CAE26F212C350D73006FFA90 /* Sources */,
				CAE26F222C350D73006FFA90 /* Frameworks */,
				CAE26F232C350D73006FFA90 /* Resources */,
			);
			buildRules = (
			);
			dependencies = (
			);
			name = HelloCoffee;
			productName = HelloCoffee;
			productReference = CAE26F252C350D73006FFA90 /* HelloCoffee.app */;
			productType = "com.apple.product-type.application";
		};
/* End PBXNativeTarget section */

/* Begin PBXProject section */
		CAE26F1D2C350D73006FFA90 /* Project object */ = {
			isa = PBXProject;
			attributes = {
				BuildIndependentTargetsInParallel = 1;
				LastSwiftUpdateCheck = 1540;
				LastUpgradeCheck = 1540;
				TargetAttributes = {
					CAE26F242C350D73006FFA90 = {
						CreatedOnToolsVersion = 15.4;
					};
				};
			};
			buildConfigurationList = CAE26F202C350D73006FFA90 /* Build configuration list for PBXProject "HelloCoffee" */;
			compatibilityVersion = "Xcode 14.0";
			developmentRegion = en;
			hasScannedForEncodings = 0;
			knownRegions = (
				en,
				Base,
			);
			mainGroup = CAE26F1C2C350D73006FFA90;
			productRefGroup = CAE26F262C350D73006FFA90 /* Products */;
			projectDirPath = "";
			projectRoot = "";
			targets = (
				CAE26F242C350D73006FFA90 /* HelloCoffee */,
			);
		};
/* End PBXProject section */

/* Begin PBXResourcesBuildPhase section */
		CAE26F232C350D73006FFA90 /* Resources */ = {
			isa = PBXResourcesBuildPhase;
			buildActionMask = 2147483647;
			files = (
				CAE26F302C350D74006FFA90 /* Preview Assets.xcassets in Resources */,
				CAE26F2D2C350D74006FFA90 /* Assets.xcassets in Resources */,
			);
			runOnlyForDeploymentPostprocessing = 0;
		};
/* End PBXResourcesBuildPhase section */

/* Begin PBXSourcesBuildPhase section */
		CAE26F212C350D73006FFA90 /* Sources */ = {
			isa = PBXSourcesBuildPhase;
			buildActionMask = 2147483647;
			files = (
				CAE26F2B2C350D73006FFA90 /* ContentView.swift in Sources */,
				CAE26F442C35349F006FFA90 /* OrderCellView.swift in Sources */,
				CAE26F292C350D73006FFA90 /* HelloCoffeeApp.swift in Sources */,
				CAE26F3F2C351A30006FFA90 /* CoffeeViewModel.swift in Sources */,
				CAE26F3C2C350F10006FFA90 /* Order.swift in Sources */,
				CAE26F392C350DCD006FFA90 /* Webservice.swift in Sources */,
				CAA033BB2C365CFF001A2E77 /* AppEnvironment.swift in Sources */,
				CAE26F422C3529DC006FFA90 /* NumberFormatter+Extension.swift in Sources */,
			);
			runOnlyForDeploymentPostprocessing = 0;
		};
/* End PBXSourcesBuildPhase section */

/* Begin XCBuildConfiguration section */
		CAE26F312C350D74006FFA90 /* Debug */ = {
			isa = XCBuildConfiguration;
			buildSettings = {
				ALWAYS_SEARCH_USER_PATHS = NO;
				ASSETCATALOG_COMPILER_GENERATE_SWIFT_ASSET_SYMBOL_EXTENSIONS = YES;
				CLANG_ANALYZER_NONNULL = YES;
				CLANG_ANALYZER_NUMBER_OBJECT_CONVERSION = YES_AGGRESSIVE;
				CLANG_CXX_LANGUAGE_STANDARD = "gnu++20";
				CLANG_ENABLE_MODULES = YES;
				CLANG_ENABLE_OBJC_ARC = YES;
				CLANG_ENABLE_OBJC_WEAK = YES;
				CLANG_WARN_BLOCK_CAPTURE_AUTORELEASING = YES;
				CLANG_WARN_BOOL_CONVERSION = YES;
				CLANG_WARN_COMMA = YES;
				CLANG_WARN_CONSTANT_CONVERSION = YES;
				CLANG_WARN_DEPRECATED_OBJC_IMPLEMENTATIONS = YES;
				CLANG_WARN_DIRECT_OBJC_ISA_USAGE = YES_ERROR;
				CLANG_WARN_DOCUMENTATION_COMMENTS = YES;
				CLANG_WARN_EMPTY_BODY = YES;
				CLANG_WARN_ENUM_CONVERSION = YES;
				CLANG_WARN_INFINITE_RECURSION = YES;
				CLANG_WARN_INT_CONVERSION = YES;
				CLANG_WARN_NON_LITERAL_NULL_CONVERSION = YES;
				CLANG_WARN_OBJC_IMPLICIT_RETAIN_SELF = YES;
				CLANG_WARN_OBJC_LITERAL_CONVERSION = YES;
				CLANG_WARN_OBJC_ROOT_CLASS = YES_ERROR;
				CLANG_WARN_QUOTED_INCLUDE_IN_FRAMEWORK_HEADER = YES;
				CLANG_WARN_RANGE_LOOP_ANALYSIS = YES;
				CLANG_WARN_STRICT_PROTOTYPES = YES;
				CLANG_WARN_SUSPICIOUS_MOVE = YES;
				CLANG_WARN_UNGUARDED_AVAILABILITY = YES_AGGRESSIVE;
				CLANG_WARN_UNREACHABLE_CODE = YES;
				CLANG_WARN__DUPLICATE_METHOD_MATCH = YES;
				COPY_PHASE_STRIP = NO;
				DEBUG_INFORMATION_FORMAT = dwarf;
				ENABLE_STRICT_OBJC_MSGSEND = YES;
				ENABLE_TESTABILITY = YES;
				ENABLE_USER_SCRIPT_SANDBOXING = YES;
				GCC_C_LANGUAGE_STANDARD = gnu17;
				GCC_DYNAMIC_NO_PIC = NO;
				GCC_NO_COMMON_BLOCKS = YES;
				GCC_OPTIMIZATION_LEVEL = 0;
				GCC_PREPROCESSOR_DEFINITIONS = (
					"DEBUG=1",
					"$(inherited)",
				);
				GCC_WARN_64_TO_32_BIT_CONVERSION = YES;
				GCC_WARN_ABOUT_RETURN_TYPE = YES_ERROR;
				GCC_WARN_UNDECLARED_SELECTOR = YES;
				GCC_WARN_UNINITIALIZED_AUTOS = YES_AGGRESSIVE;
				GCC_WARN_UNUSED_FUNCTION = YES;
				GCC_WARN_UNUSED_VARIABLE = YES;
				IPHONEOS_DEPLOYMENT_TARGET = 17.5;
				LOCALIZATION_PREFERS_STRING_CATALOGS = YES;
				MTL_ENABLE_DEBUG_INFO = INCLUDE_SOURCE;
				MTL_FAST_MATH = YES;
				ONLY_ACTIVE_ARCH = YES;
				SDKROOT = iphoneos;
				SWIFT_ACTIVE_COMPILATION_CONDITIONS = "DEBUG $(inherited)";
				SWIFT_OPTIMIZATION_LEVEL = "-Onone";
			};
			name = Debug;
		};
		CAE26F322C350D74006FFA90 /* Release */ = {
			isa = XCBuildConfiguration;
			buildSettings = {
				ALWAYS_SEARCH_USER_PATHS = NO;
				ASSETCATALOG_COMPILER_GENERATE_SWIFT_ASSET_SYMBOL_EXTENSIONS = YES;
				CLANG_ANALYZER_NONNULL = YES;
				CLANG_ANALYZER_NUMBER_OBJECT_CONVERSION = YES_AGGRESSIVE;
				CLANG_CXX_LANGUAGE_STANDARD = "gnu++20";
				CLANG_ENABLE_MODULES = YES;
				CLANG_ENABLE_OBJC_ARC = YES;
				CLANG_ENABLE_OBJC_WEAK = YES;
				CLANG_WARN_BLOCK_CAPTURE_AUTORELEASING = YES;
				CLANG_WARN_BOOL_CONVERSION = YES;
				CLANG_WARN_COMMA = YES;
				CLANG_WARN_CONSTANT_CONVERSION = YES;
				CLANG_WARN_DEPRECATED_OBJC_IMPLEMENTATIONS = YES;
				CLANG_WARN_DIRECT_OBJC_ISA_USAGE = YES_ERROR;
				CLANG_WARN_DOCUMENTATION_COMMENTS = YES;
				CLANG_WARN_EMPTY_BODY = YES;
				CLANG_WARN_ENUM_CONVERSION = YES;
				CLANG_WARN_INFINITE_RECURSION = YES;
				CLANG_WARN_INT_CONVERSION = YES;
				CLANG_WARN_NON_LITERAL_NULL_CONVERSION = YES;
				CLANG_WARN_OBJC_IMPLICIT_RETAIN_SELF = YES;
				CLANG_WARN_OBJC_LITERAL_CONVERSION = YES;
				CLANG_WARN_OBJC_ROOT_CLASS = YES_ERROR;
				CLANG_WARN_QUOTED_INCLUDE_IN_FRAMEWORK_HEADER = YES;
				CLANG_WARN_RANGE_LOOP_ANALYSIS = YES;
				CLANG_WARN_STRICT_PROTOTYPES = YES;
				CLANG_WARN_SUSPICIOUS_MOVE = YES;
				CLANG_WARN_UNGUARDED_AVAILABILITY = YES_AGGRESSIVE;
				CLANG_WARN_UNREACHABLE_CODE = YES;
				CLANG_WARN__DUPLICATE_METHOD_MATCH = YES;
				COPY_PHASE_STRIP = NO;
				DEBUG_INFORMATION_FORMAT = "dwarf-with-dsym";
				ENABLE_NS_ASSERTIONS = NO;
				ENABLE_STRICT_OBJC_MSGSEND = YES;
				ENABLE_USER_SCRIPT_SANDBOXING = YES;
				GCC_C_LANGUAGE_STANDARD = gnu17;
				GCC_NO_COMMON_BLOCKS = YES;
				GCC_WARN_64_TO_32_BIT_CONVERSION = YES;
				GCC_WARN_ABOUT_RETURN_TYPE = YES_ERROR;
				GCC_WARN_UNDECLARED_SELECTOR = YES;
				GCC_WARN_UNINITIALIZED_AUTOS = YES_AGGRESSIVE;
				GCC_WARN_UNUSED_FUNCTION = YES;
				GCC_WARN_UNUSED_VARIABLE = YES;
				IPHONEOS_DEPLOYMENT_TARGET = 17.5;
				LOCALIZATION_PREFERS_STRING_CATALOGS = YES;
				MTL_ENABLE_DEBUG_INFO = NO;
				MTL_FAST_MATH = YES;
				SDKROOT = iphoneos;
				SWIFT_COMPILATION_MODE = wholemodule;
				VALIDATE_PRODUCT = YES;
			};
			name = Release;
		};
		CAE26F342C350D74006FFA90 /* Debug */ = {
			isa = XCBuildConfiguration;
			buildSettings = {
				ASSETCATALOG_COMPILER_APPICON_NAME = AppIcon;
				ASSETCATALOG_COMPILER_GLOBAL_ACCENT_COLOR_NAME = AccentColor;
				CODE_SIGN_STYLE = Automatic;
				CURRENT_PROJECT_VERSION = 1;
				DEVELOPMENT_ASSET_PATHS = "\"HelloCoffee/Preview Content\"";
				DEVELOPMENT_TEAM = YU5RM84NC9;
				ENABLE_PREVIEWS = YES;
				GENERATE_INFOPLIST_FILE = YES;
				INFOPLIST_KEY_UIApplicationSceneManifest_Generation = YES;
				INFOPLIST_KEY_UIApplicationSupportsIndirectInputEvents = YES;
				INFOPLIST_KEY_UILaunchScreen_Generation = YES;
				INFOPLIST_KEY_UISupportedInterfaceOrientations_iPad = "UIInterfaceOrientationPortrait UIInterfaceOrientationPortraitUpsideDown UIInterfaceOrientationLandscapeLeft UIInterfaceOrientationLandscapeRight";
				INFOPLIST_KEY_UISupportedInterfaceOrientations_iPhone = "UIInterfaceOrientationPortrait UIInterfaceOrientationLandscapeLeft UIInterfaceOrientationLandscapeRight";
				LD_RUNPATH_SEARCH_PATHS = (
					"$(inherited)",
					"@executable_path/Frameworks",
				);
				MARKETING_VERSION = 1.0;
				PRODUCT_BUNDLE_IDENTIFIER = com.letsgobjones.HelloCoffee;
				PRODUCT_NAME = "$(TARGET_NAME)";
				SWIFT_EMIT_LOC_STRINGS = YES;
				SWIFT_VERSION = 5.0;
				TARGETED_DEVICE_FAMILY = "1,2";
			};
			name = Debug;
		};
		CAE26F352C350D74006FFA90 /* Release */ = {
			isa = XCBuildConfiguration;
			buildSettings = {
				ASSETCATALOG_COMPILER_APPICON_NAME = AppIcon;
				ASSETCATALOG_COMPILER_GLOBAL_ACCENT_COLOR_NAME = AccentColor;
				CODE_SIGN_STYLE = Automatic;
				CURRENT_PROJECT_VERSION = 1;
				DEVELOPMENT_ASSET_PATHS = "\"HelloCoffee/Preview Content\"";
				DEVELOPMENT_TEAM = YU5RM84NC9;
				ENABLE_PREVIEWS = YES;
				GENERATE_INFOPLIST_FILE = YES;
				INFOPLIST_KEY_UIApplicationSceneManifest_Generation = YES;
				INFOPLIST_KEY_UIApplicationSupportsIndirectInputEvents = YES;
				INFOPLIST_KEY_UILaunchScreen_Generation = YES;
				INFOPLIST_KEY_UISupportedInterfaceOrientations_iPad = "UIInterfaceOrientationPortrait UIInterfaceOrientationPortraitUpsideDown UIInterfaceOrientationLandscapeLeft UIInterfaceOrientationLandscapeRight";
				INFOPLIST_KEY_UISupportedInterfaceOrientations_iPhone = "UIInterfaceOrientationPortrait UIInterfaceOrientationLandscapeLeft UIInterfaceOrientationLandscapeRight";
				LD_RUNPATH_SEARCH_PATHS = (
					"$(inherited)",
					"@executable_path/Frameworks",
				);
				MARKETING_VERSION = 1.0;
				PRODUCT_BUNDLE_IDENTIFIER = com.letsgobjones.HelloCoffee;
				PRODUCT_NAME = "$(TARGET_NAME)";
				SWIFT_EMIT_LOC_STRINGS = YES;
				SWIFT_VERSION = 5.0;
				TARGETED_DEVICE_FAMILY = "1,2";
			};
			name = Release;
		};
/* End XCBuildConfiguration section */

/* Begin XCConfigurationList section */
		CAE26F202C350D73006FFA90 /* Build configuration list for PBXProject "HelloCoffee" */ = {
			isa = XCConfigurationList;
			buildConfigurations = (
				CAE26F312C350D74006FFA90 /* Debug */,
				CAE26F322C350D74006FFA90 /* Release */,
			);
			defaultConfigurationIsVisible = 0;
			defaultConfigurationName = Release;
		};
		CAE26F332C350D74006FFA90 /* Build configuration list for PBXNativeTarget "HelloCoffee" */ = {
			isa = XCConfigurationList;
			buildConfigurations = (
				CAE26F342C350D74006FFA90 /* Debug */,
				CAE26F352C350D74006FFA90 /* Release */,
			);
			defaultConfigurationIsVisible = 0;
			defaultConfigurationName = Release;
		};
/* End XCConfigurationList section */
	};
	rootObject = CAE26F1D2C350D73006FFA90 /* Project object */;
}
